
Microsoft Visual Studio Solution File, Format Version 12.00
# Visual Studio Version 16
VisualStudioVersion = 16.0.29102.190
MinimumVisualStudioVersion = 10.0.40219.1
Project("{9A19103F-16F7-4668-BE54-9A1E7A4F7556}") = "TestAPI", "TestAPI.csproj", "{C01399C3-F213-4811-AD0C-4CF1BCD2B07D}"
EndProject
Global
	GlobalSection(SolutionConfigurationPlatforms) = preSolution
		Debug|Any CPU = Debug|Any CPU
		Release|Any CPU = Release|Any CPU
	EndGlobalSection
	GlobalSection(ProjectConfigurationPlatforms) = postSolution
		{C01399C3-F213-4811-AD0C-4CF1BCD2B07D}.Debug|Any CPU.ActiveCfg = Debug|Any CPU
		{C01399C3-F213-4811-AD0C-4CF1BCD2B07D}.Debug|Any CPU.Build.0 = Debug|Any CPU
		{C01399C3-F213-4811-AD0C-4CF1BCD2B07D}.Release|Any CPU.ActiveCfg = Release|Any CPU
		{C01399C3-F213-4811-AD0C-4CF1BCD2B07D}.Release|Any CPU.Build.0 = Release|Any CPU
	EndGlobalSection
	GlobalSection(SolutionProperties) = preSolution
		HideSolutionNode = FALSE
	EndGlobalSection
	GlobalSection(ExtensibilityGlobals) = postSolution
		SolutionGuid = {67B09FAF-841C-4A0C-9BEF-016BEE10A68B}
	EndGlobalSection
EndGlobal
